PODS:
  - CryptoSwift (1.0.0)
  - Keys (1.0.1)
  - Reusable (4.0.5):
    - Reusable/Storyboard (= 4.0.5)
    - Reusable/View (= 4.0.5)
  - Reusable/Storyboard (4.0.5)
  - Reusable/View (4.0.5)
  - SDWebImage (5.0.1):
    - SDWebImage/Core (= 5.0.1)
  - SDWebImage/Core (5.0.1)
  - SwiftGen (6.1.0)

DEPENDENCIES:
  - CryptoSwift
  - Keys (from `Pods/CocoaPodsKeys`)
  - Reusable
  - SDWebImage
  - SwiftGen

SPEC REPOS:
  https://github.com/cocoapods/specs.git:
    - CryptoSwift
    - Reusable
    - SDWebImage
    - SwiftGen

EXTERNAL SOURCES:
  Keys:
    :path: Pods/CocoaPodsKeys

SPEC CHECKSUMS:
  CryptoSwift: d81eeaa59dc5a8d03720fe919a6fd07b51f7439f
  Keys: a576f4c9c1c641ca913a959a9c62ed3f215a8de9
  Reusable: 188be1a54ac0691bc66e5bb24ec6eb91971b315b
  SDWebImage: 27dd2c9ea07a2252f94557c9fbb6105ee94b74c9
  SwiftGen: f872ca75cbd17bf7103c17f13dcfa0d9a15667b0

PODFILE CHECKSUM: af5fb6ab194133bb38769142e45936cc3b314038

COCOAPODS: 1.6.1
