// !$*UTF8*$!
{
	archiveVersion = 1;
	classes = {
	};
	objectVersion = 46;
	objects = {

/* Begin PBXBuildFile section */
		0A26692A1F8D9CF700BFA892 /* CharacterTableViewDatasource.swift in Sources */ = {isa = PBXBuildFile; fileRef = 0A2669291F8D9CF700BFA892 /* CharacterTableViewDatasource.swift */; };
		0A26692C1F8D9F3E00BFA892 /* CharacterCollectionViewDataSource.swift in Sources */ = {isa = PBXBuildFile; fileRef = 0A26692B1F8D9F3E00BFA892 /* CharacterCollectionViewDataSource.swift */; };
		0A26692E1F8DA02A00BFA892 /* CharacterCollectionViewDelegate.swift in Sources */ = {isa = PBXBuildFile; fileRef = 0A26692D1F8DA02A00BFA892 /* CharacterCollectionViewDelegate.swift */; };
		0AA652681F8D969000630AA4 /* CharactersResponse.swift in Sources */ = {isa = PBXBuildFile; fileRef = 0AA652671F8D969000630AA4 /* CharactersResponse.swift */; };
		577769109DC3FB06E7D1882F /* Pods_Marvel.framework in Frameworks */ = {isa = PBXBuildFile; fileRef = A8D7213E1EA596B7C60C8E59 /* Pods_Marvel.framework */; };
		62C41B6D96983C6343FD880A /* Pods_MarvelTests.framework in Frameworks */ = {isa = PBXBuildFile; fileRef = 8C6A61295B862198BB138719 /* Pods_MarvelTests.framework */; };
		9922F1571DFDB69200237BFE /* ColorPalette.swift in Sources */ = {isa = PBXBuildFile; fileRef = 9922F1561DFDB69200237BFE /* ColorPalette.swift */; };
		9922F15A1DFDC00900237BFE /* ApperanceProxyHelper.swift in Sources */ = {isa = PBXBuildFile; fileRef = 9922F1591DFDC00900237BFE /* ApperanceProxyHelper.swift */; };
		9939CFC71DDA244A008CE399 /* CharactersViewController.swift in Sources */ = {isa = PBXBuildFile; fileRef = 9939CFC61DDA244A008CE399 /* CharactersViewController.swift */; };
		9939CFCF1DDA2E07008CE399 /* MarvelAPI.swift in Sources */ = {isa = PBXBuildFile; fileRef = 9939CFCE1DDA2E07008CE399 /* MarvelAPI.swift */; };
		9939CFD41DDA333D008CE399 /* Character.swift in Sources */ = {isa = PBXBuildFile; fileRef = 9939CFD31DDA333D008CE399 /* Character.swift */; };
		9943EC06203C5C9A00DA5F54 /* characters.json in Resources */ = {isa = PBXBuildFile; fileRef = 9943EC05203C5C9A00DA5F54 /* characters.json */; };
		99629219203C58A50048C2CB /* CharactersViewControllerSpec.swift in Sources */ = {isa = PBXBuildFile; fileRef = 99629218203C58A50048C2CB /* CharactersViewControllerSpec.swift */; };
		99B248E31DDB427000027C10 /* CharacterTableCell.swift in Sources */ = {isa = PBXBuildFile; fileRef = 99B248E21DDB427000027C10 /* CharacterTableCell.swift */; };
		99D0DEB41DE259F100FE34D7 /* CharacterCollectionCell.swift in Sources */ = {isa = PBXBuildFile; fileRef = 99D0DEB31DE259F100FE34D7 /* CharacterCollectionCell.swift */; };
		99D0DEB61DE25AC900FE34D7 /* CharacterCollectionCell.xib in Resources */ = {isa = PBXBuildFile; fileRef = 99D0DEB51DE25AC900FE34D7 /* CharacterCollectionCell.xib */; };
		99D0DEBA1DE268D000FE34D7 /* UIImageView+Kingfisher.swift in Sources */ = {isa = PBXBuildFile; fileRef = 99D0DEB91DE268D000FE34D7 /* UIImageView+Kingfisher.swift */; };
		99D0DEBE1DE26D8100FE34D7 /* Storyboard.swift in Sources */ = {isa = PBXBuildFile; fileRef = 99D0DEBD1DE26D8100FE34D7 /* Storyboard.swift */; };
		99E1DFE41DDA1F4C006F9D96 /* AppDelegate.swift in Sources */ = {isa = PBXBuildFile; fileRef = 99E1DFE31DDA1F4C006F9D96 /* AppDelegate.swift */; };
		99E1DFE91DDA1F4C006F9D96 /* Main.storyboard in Resources */ = {isa = PBXBuildFile; fileRef = 99E1DFE71DDA1F4C006F9D96 /* Main.storyboard */; };
		99E1DFEB1DDA1F4C006F9D96 /* Assets.xcassets in Resources */ = {isa = PBXBuildFile; fileRef = 99E1DFEA1DDA1F4C006F9D96 /* Assets.xcassets */; };
		99E1DFEE1DDA1F4C006F9D96 /* LaunchScreen.storyboard in Resources */ = {isa = PBXBuildFile; fileRef = 99E1DFEC1DDA1F4C006F9D96 /* LaunchScreen.storyboard */; };
		99FC2BCD1DDDB8C7006CB7EE /* CharacterTableCell.xib in Resources */ = {isa = PBXBuildFile; fileRef = 99FC2BCC1DDDB8C7006CB7EE /* CharacterTableCell.xib */; };
		99FC2BCF1DDDB966006CB7EE /* ThumbImage.swift in Sources */ = {isa = PBXBuildFile; fileRef = 99FC2BCE1DDDB966006CB7EE /* ThumbImage.swift */; };
/* End PBXBuildFile section */

/* Begin PBXContainerItemProxy section */
		9962921B203C58A50048C2CB /* PBXContainerItemProxy */ = {
			isa = PBXContainerItemProxy;
			containerPortal = 99E1DFD81DDA1F4C006F9D96 /* Project object */;
			proxyType = 1;
			remoteGlobalIDString = 99E1DFDF1DDA1F4C006F9D96;
			remoteInfo = Marvel;
		};
/* End PBXContainerItemProxy section */

/* Begin PBXFileReference section */
		0A2669291F8D9CF700BFA892 /* CharacterTableViewDatasource.swift */ = {isa = PBXFileReference; lastKnownFileType = sourcecode.swift; path = CharacterTableViewDatasource.swift; sourceTree = "<group>"; };
		0A26692B1F8D9F3E00BFA892 /* CharacterCollectionViewDataSource.swift */ = {isa = PBXFileReference; lastKnownFileType = sourcecode.swift; path = CharacterCollectionViewDataSource.swift; sourceTree = "<group>"; };
		0A26692D1F8DA02A00BFA892 /* CharacterCollectionViewDelegate.swift */ = {isa = PBXFileReference; lastKnownFileType = sourcecode.swift; path = CharacterCollectionViewDelegate.swift; sourceTree = "<group>"; };
		0AA652671F8D969000630AA4 /* CharactersResponse.swift */ = {isa = PBXFileReference; lastKnownFileType = sourcecode.swift; path = CharactersResponse.swift; sourceTree = "<group>"; };
		46E32511C8C4E886533F9B7E /* Pods-Marvel.debug.xcconfig */ = {isa = PBXFileReference; includeInIndex = 1; lastKnownFileType = text.xcconfig; name = "Pods-Marvel.debug.xcconfig"; path = "Pods/Target Support Files/Pods-Marvel/Pods-Marvel.debug.xcconfig"; sourceTree = "<group>"; };
		8289D5AF9F3BDEDBC4EE6E82 /* Pods-Marvel.release.xcconfig */ = {isa = PBXFileReference; includeInIndex = 1; lastKnownFileType = text.xcconfig; name = "Pods-Marvel.release.xcconfig"; path = "Pods/Target Support Files/Pods-Marvel/Pods-Marvel.release.xcconfig"; sourceTree = "<group>"; };
		8C6A61295B862198BB138719 /* Pods_MarvelTests.framework */ = {isa = PBXFileReference; explicitFileType = wrapper.framework; includeInIndex = 0; path = Pods_MarvelTests.framework; sourceTree = BUILT_PRODUCTS_DIR; };
		9922F1561DFDB69200237BFE /* ColorPalette.swift */ = {isa = PBXFileReference; fileEncoding = 4; lastKnownFileType = sourcecode.swift; path = ColorPalette.swift; sourceTree = "<group>"; };
		9922F1591DFDC00900237BFE /* ApperanceProxyHelper.swift */ = {isa = PBXFileReference; fileEncoding = 4; lastKnownFileType = sourcecode.swift; path = ApperanceProxyHelper.swift; sourceTree = "<group>"; };
		9939CFC61DDA244A008CE399 /* CharactersViewController.swift */ = {isa = PBXFileReference; fileEncoding = 4; lastKnownFileType = sourcecode.swift; path = CharactersViewController.swift; sourceTree = "<group>"; };
		9939CFCE1DDA2E07008CE399 /* MarvelAPI.swift */ = {isa = PBXFileReference; fileEncoding = 4; lastKnownFileType = sourcecode.swift; path = MarvelAPI.swift; sourceTree = "<group>"; };
		9939CFD31DDA333D008CE399 /* Character.swift */ = {isa = PBXFileReference; fileEncoding = 4; lastKnownFileType = sourcecode.swift; path = Character.swift; sourceTree = "<group>"; };
		9943EC05203C5C9A00DA5F54 /* characters.json */ = {isa = PBXFileReference; lastKnownFileType = text.json; path = characters.json; sourceTree = "<group>"; };
		99629216203C58A50048C2CB /* MarvelTests.xctest */ = {isa = PBXFileReference; explicitFileType = wrapper.cfbundle; includeInIndex = 0; path = MarvelTests.xctest; sourceTree = BUILT_PRODUCTS_DIR; };
		99629218203C58A50048C2CB /* CharactersViewControllerSpec.swift */ = {isa = PBXFileReference; lastKnownFileType = sourcecode.swift; path = CharactersViewControllerSpec.swift; sourceTree = "<group>"; };
		9962921A203C58A50048C2CB /* Info.plist */ = {isa = PBXFileReference; lastKnownFileType = text.plist.xml; path = Info.plist; sourceTree = "<group>"; };
		99B248E21DDB427000027C10 /* CharacterTableCell.swift */ = {isa = PBXFileReference; fileEncoding = 4; lastKnownFileType = sourcecode.swift; path = CharacterTableCell.swift; sourceTree = "<group>"; };
		99D0DEB31DE259F100FE34D7 /* CharacterCollectionCell.swift */ = {isa = PBXFileReference; fileEncoding = 4; lastKnownFileType = sourcecode.swift; path = CharacterCollectionCell.swift; sourceTree = "<group>"; };
		99D0DEB51DE25AC900FE34D7 /* CharacterCollectionCell.xib */ = {isa = PBXFileReference; fileEncoding = 4; lastKnownFileType = file.xib; path = CharacterCollectionCell.xib; sourceTree = "<group>"; };
		99D0DEB91DE268D000FE34D7 /* UIImageView+Kingfisher.swift */ = {isa = PBXFileReference; fileEncoding = 4; lastKnownFileType = sourcecode.swift; path = "UIImageView+Kingfisher.swift"; sourceTree = "<group>"; };
		99D0DEBD1DE26D8100FE34D7 /* Storyboard.swift */ = {isa = PBXFileReference; fileEncoding = 4; lastKnownFileType = sourcecode.swift; path = Storyboard.swift; sourceTree = "<group>"; };
		99E1DFE01DDA1F4C006F9D96 /* Marvel.app */ = {isa = PBXFileReference; explicitFileType = wrapper.application; includeInIndex = 0; path = Marvel.app; sourceTree = BUILT_PRODUCTS_DIR; };
		99E1DFE31DDA1F4C006F9D96 /* AppDelegate.swift */ = {isa = PBXFileReference; lastKnownFileType = sourcecode.swift; path = AppDelegate.swift; sourceTree = "<group>"; };
		99E1DFE81DDA1F4C006F9D96 /* Base */ = {isa = PBXFileReference; lastKnownFileType = file.storyboard; name = Base; path = Base.lproj/Main.storyboard; sourceTree = "<group>"; };
		99E1DFEA1DDA1F4C006F9D96 /* Assets.xcassets */ = {isa = PBXFileReference; lastKnownFileType = folder.assetcatalog; path = Assets.xcassets; sourceTree = "<group>"; };
		99E1DFED1DDA1F4C006F9D96 /* Base */ = {isa = PBXFileReference; lastKnownFileType = file.storyboard; name = Base; path = Base.lproj/LaunchScreen.storyboard; sourceTree = "<group>"; };
		99E1DFEF1DDA1F4C006F9D96 /* Info.plist */ = {isa = PBXFileReference; lastKnownFileType = text.plist.xml; path = Info.plist; sourceTree = "<group>"; };
		99FC2BCC1DDDB8C7006CB7EE /* CharacterTableCell.xib */ = {isa = PBXFileReference; fileEncoding = 4; lastKnownFileType = file.xib; path = CharacterTableCell.xib; sourceTree = "<group>"; };
		99FC2BCE1DDDB966006CB7EE /* ThumbImage.swift */ = {isa = PBXFileReference; fileEncoding = 4; lastKnownFileType = sourcecode.swift; path = ThumbImage.swift; sourceTree = "<group>"; };
		A8D7213E1EA596B7C60C8E59 /* Pods_Marvel.framework */ = {isa = PBXFileReference; explicitFileType = wrapper.framework; includeInIndex = 0; path = Pods_Marvel.framework; sourceTree = BUILT_PRODUCTS_DIR; };
		BF2D032F8BA77A47BCBA607A /* Pods-MarvelTests.debug.xcconfig */ = {isa = PBXFileReference; includeInIndex = 1; lastKnownFileType = text.xcconfig; name = "Pods-MarvelTests.debug.xcconfig"; path = "Pods/Target Support Files/Pods-MarvelTests/Pods-MarvelTests.debug.xcconfig"; sourceTree = "<group>"; };
		E54675F9B824A595E2F0D533 /* Pods-MarvelTests.release.xcconfig */ = {isa = PBXFileReference; includeInIndex = 1; lastKnownFileType = text.xcconfig; name = "Pods-MarvelTests.release.xcconfig"; path = "Pods/Target Support Files/Pods-MarvelTests/Pods-MarvelTests.release.xcconfig"; sourceTree = "<group>"; };
/* End PBXFileReference section */

/* Begin PBXFrameworksBuildPhase section */
		99629213203C58A50048C2CB /* Frameworks */ = {
			isa = PBXFrameworksBuildPhase;
			buildActionMask = 2147483647;
			files = (
				62C41B6D96983C6343FD880A /* Pods_MarvelTests.framework in Frameworks */,
			);
			runOnlyForDeploymentPostprocessing = 0;
		};
		99E1DFDD1DDA1F4C006F9D96 /* Frameworks */ = {
			isa = PBXFrameworksBuildPhase;
			buildActionMask = 2147483647;
			files = (
				577769109DC3FB06E7D1882F /* Pods_Marvel.framework in Frameworks */,
			);
			runOnlyForDeploymentPostprocessing = 0;
		};
/* End PBXFrameworksBuildPhase section */

/* Begin PBXGroup section */
		0A2669281F8D9CD300BFA892 /* Datasources */ = {
			isa = PBXGroup;
			children = (
				0A2669291F8D9CF700BFA892 /* CharacterTableViewDatasource.swift */,
				0A26692B1F8D9F3E00BFA892 /* CharacterCollectionViewDataSource.swift */,
				0A26692D1F8DA02A00BFA892 /* CharacterCollectionViewDelegate.swift */,
			);
			name = Datasources;
			path = "New Group";
			sourceTree = "<group>";
		};
		9922F1581DFDBFF400237BFE /* Apperance */ = {
			isa = PBXGroup;
			children = (
				9922F1591DFDC00900237BFE /* ApperanceProxyHelper.swift */,
			);
			name = Apperance;
			sourceTree = "<group>";
		};
		9939CFC51DDA2417008CE399 /* Controllers */ = {
			isa = PBXGroup;
			children = (
				9939CFC61DDA244A008CE399 /* CharactersViewController.swift */,
			);
			path = Controllers;
			sourceTree = "<group>";
		};
		9939CFCA1DDA267D008CE399 /* Storyboards */ = {
			isa = PBXGroup;
			children = (
				99E1DFEC1DDA1F4C006F9D96 /* LaunchScreen.storyboard */,
				99E1DFE71DDA1F4C006F9D96 /* Main.storyboard */,
			);
			path = Storyboards;
			sourceTree = "<group>";
		};
		9939CFCB1DDA26A3008CE399 /* Resources */ = {
			isa = PBXGroup;
			children = (
				99D0DEBD1DE26D8100FE34D7 /* Storyboard.swift */,
				99E1DFEA1DDA1F4C006F9D96 /* Assets.xcassets */,
				99E1DFEF1DDA1F4C006F9D96 /* Info.plist */,
				9922F1561DFDB69200237BFE /* ColorPalette.swift */,
			);
			path = Resources;
			sourceTree = "<group>";
		};
		9939CFCC1DDA2716008CE399 /* AppDelegate */ = {
			isa = PBXGroup;
			children = (
				99E1DFE31DDA1F4C006F9D96 /* AppDelegate.swift */,
			);
			path = AppDelegate;
			sourceTree = "<group>";
		};
		9939CFCD1DDA2DF1008CE399 /* Network */ = {
			isa = PBXGroup;
			children = (
				9939CFCE1DDA2E07008CE399 /* MarvelAPI.swift */,
			);
			path = Network;
			sourceTree = "<group>";
		};
		9939CFD21DDA332A008CE399 /* Models */ = {
			isa = PBXGroup;
			children = (
				9939CFD31DDA333D008CE399 /* Character.swift */,
				99FC2BCE1DDDB966006CB7EE /* ThumbImage.swift */,
				0AA652671F8D969000630AA4 /* CharactersResponse.swift */,
			);
			path = Models;
			sourceTree = "<group>";
		};
		99629217203C58A50048C2CB /* MarvelTests */ = {
			isa = PBXGroup;
			children = (
				99629218203C58A50048C2CB /* CharactersViewControllerSpec.swift */,
				9962921A203C58A50048C2CB /* Info.plist */,
				9943EC05203C5C9A00DA5F54 /* characters.json */,
			);
			path = MarvelTests;
			sourceTree = "<group>";
		};
		99B248E11DDB423900027C10 /* Cells */ = {
			isa = PBXGroup;
			children = (
				99FC2BCB1DDDB8B1006CB7EE /* Xibs */,
				99B248E21DDB427000027C10 /* CharacterTableCell.swift */,
				99D0DEB31DE259F100FE34D7 /* CharacterCollectionCell.swift */,
			);
			path = Cells;
			sourceTree = "<group>";
		};
		99D0DEBB1DE268D500FE34D7 /* Extensions */ = {
			isa = PBXGroup;
			children = (
				99D0DEB91DE268D000FE34D7 /* UIImageView+Kingfisher.swift */,
			);
			name = Extensions;
			sourceTree = "<group>";
		};
		99E1DFD71DDA1F4C006F9D96 = {
			isa = PBXGroup;
			children = (
				99629217203C58A50048C2CB /* MarvelTests */,
				A614E78BE86E798A7E93A6F8 /* Frameworks */,
				99E1DFE21DDA1F4C006F9D96 /* Marvel */,
				F31159AB537646F3DA1B5700 /* Pods */,
				99E1DFE11DDA1F4C006F9D96 /* Products */,
			);
			sourceTree = "<group>";
		};
		99E1DFE11DDA1F4C006F9D96 /* Products */ = {
			isa = PBXGroup;
			children = (
				99E1DFE01DDA1F4C006F9D96 /* Marvel.app */,
				99629216203C58A50048C2CB /* MarvelTests.xctest */,
			);
			name = Products;
			sourceTree = "<group>";
		};
		99E1DFE21DDA1F4C006F9D96 /* Marvel */ = {
			isa = PBXGroup;
			children = (
				9922F1581DFDBFF400237BFE /* Apperance */,
				99D0DEBB1DE268D500FE34D7 /* Extensions */,
				9939CFCC1DDA2716008CE399 /* AppDelegate */,
				0A2669281F8D9CD300BFA892 /* Datasources */,
				99B248E11DDB423900027C10 /* Cells */,
				9939CFC51DDA2417008CE399 /* Controllers */,
				9939CFD21DDA332A008CE399 /* Models */,
				9939CFCD1DDA2DF1008CE399 /* Network */,
				9939CFCB1DDA26A3008CE399 /* Resources */,
				9939CFCA1DDA267D008CE399 /* Storyboards */,
			);
			path = Marvel;
			sourceTree = "<group>";
		};
		99FC2BCB1DDDB8B1006CB7EE /* Xibs */ = {
			isa = PBXGroup;
			children = (
				99FC2BCC1DDDB8C7006CB7EE /* CharacterTableCell.xib */,
				99D0DEB51DE25AC900FE34D7 /* CharacterCollectionCell.xib */,
			);
			path = Xibs;
			sourceTree = "<group>";
		};
		A614E78BE86E798A7E93A6F8 /* Frameworks */ = {
			isa = PBXGroup;
			children = (
				A8D7213E1EA596B7C60C8E59 /* Pods_Marvel.framework */,
				8C6A61295B862198BB138719 /* Pods_MarvelTests.framework */,
			);
			name = Frameworks;
			sourceTree = "<group>";
		};
		F31159AB537646F3DA1B5700 /* Pods */ = {
			isa = PBXGroup;
			children = (
				46E32511C8C4E886533F9B7E /* Pods-Marvel.debug.xcconfig */,
				8289D5AF9F3BDEDBC4EE6E82 /* Pods-Marvel.release.xcconfig */,
				BF2D032F8BA77A47BCBA607A /* Pods-MarvelTests.debug.xcconfig */,
				E54675F9B824A595E2F0D533 /* Pods-MarvelTests.release.xcconfig */,
			);
			name = Pods;
			sourceTree = "<group>";
		};
/* End PBXGroup section */

/* Begin PBXNativeTarget section */
		99629215203C58A50048C2CB /* MarvelTests */ = {
			isa = PBXNativeTarget;
			buildConfigurationList = 9962921F203C58A50048C2CB /* Build configuration list for PBXNativeTarget "MarvelTests" */;
			buildPhases = (
				BBA78CF1DA502B4F07DA343F /* [CP] Check Pods Manifest.lock */,
				99629212203C58A50048C2CB /* Sources */,
				99629213203C58A50048C2CB /* Frameworks */,
				99629214203C58A50048C2CB /* Resources */,
				76E19865ED48CB7B64A819AD /* [CP] Embed Pods Frameworks */,
				885B50F75E3CE3D51E59F1EC /* [CP] Copy Pods Resources */,
			);
			buildRules = (
			);
			dependencies = (
				9962921C203C58A50048C2CB /* PBXTargetDependency */,
			);
			name = MarvelTests;
			productName = MarvelTests;
			productReference = 99629216203C58A50048C2CB /* MarvelTests.xctest */;
			productType = "com.apple.product-type.bundle.unit-test";
		};
		99E1DFDF1DDA1F4C006F9D96 /* Marvel */ = {
			isa = PBXNativeTarget;
			buildConfigurationList = 99E1DFF21DDA1F4C006F9D96 /* Build configuration list for PBXNativeTarget "Marvel" */;
			buildPhases = (
				349470B03A6A7FDAFB705949 /* [CP] Check Pods Manifest.lock */,
				99D0DEBC1DE26D0F00FE34D7 /* SwiftGen */,
				99E1DFDC1DDA1F4C006F9D96 /* Sources */,
				99E1DFDD1DDA1F4C006F9D96 /* Frameworks */,
				99E1DFDE1DDA1F4C006F9D96 /* Resources */,
				65B66DF972813F1C9E6FAB9F /* [CP] Embed Pods Frameworks */,
				572BC285D19F6AE624CEB662 /* [CP] Copy Pods Resources */,
			);
			buildRules = (
			);
			dependencies = (
			);
			name = Marvel;
			productName = Marvel;
			productReference = 99E1DFE01DDA1F4C006F9D96 /* Marvel.app */;
			productType = "com.apple.product-type.application";
		};
/* End PBXNativeTarget section */

/* Begin PBXProject section */
		99E1DFD81DDA1F4C006F9D96 /* Project object */ = {
			isa = PBXProject;
			attributes = {
				LastSwiftUpdateCheck = 0920;
				LastUpgradeCheck = 0810;
				ORGANIZATIONNAME = "Thiago Lioy";
				TargetAttributes = {
					99629215203C58A50048C2CB = {
						CreatedOnToolsVersion = 9.2;
						ProvisioningStyle = Automatic;
						TestTargetID = 99E1DFDF1DDA1F4C006F9D96;
					};
					99E1DFDF1DDA1F4C006F9D96 = {
						CreatedOnToolsVersion = 8.1;
						DevelopmentTeam = 6UM2WYVE6K;
						LastSwiftMigration = 0900;
						ProvisioningStyle = Automatic;
					};
				};
			};
			buildConfigurationList = 99E1DFDB1DDA1F4C006F9D96 /* Build configuration list for PBXProject "Marvel" */;
			compatibilityVersion = "Xcode 3.2";
			developmentRegion = English;
			hasScannedForEncodings = 0;
			knownRegions = (
				en,
				Base,
			);
			mainGroup = 99E1DFD71DDA1F4C006F9D96;
			productRefGroup = 99E1DFE11DDA1F4C006F9D96 /* Products */;
			projectDirPath = "";
			projectRoot = "";
			targets = (
				99E1DFDF1DDA1F4C006F9D96 /* Marvel */,
				99629215203C58A50048C2CB /* MarvelTests */,
			);
		};
/* End PBXProject section */

/* Begin PBXResourcesBuildPhase section */
		99629214203C58A50048C2CB /* Resources */ = {
			isa = PBXResourcesBuildPhase;
			buildActionMask = 2147483647;
			files = (
				9943EC06203C5C9A00DA5F54 /* characters.json in Resources */,
			);
			runOnlyForDeploymentPostprocessing = 0;
		};
		99E1DFDE1DDA1F4C006F9D96 /* Resources */ = {
			isa = PBXResourcesBuildPhase;
			buildActionMask = 2147483647;
			files = (
				99FC2BCD1DDDB8C7006CB7EE /* CharacterTableCell.xib in Resources */,
				99D0DEB61DE25AC900FE34D7 /* CharacterCollectionCell.xib in Resources */,
				99E1DFEE1DDA1F4C006F9D96 /* LaunchScreen.storyboard in Resources */,
				99E1DFEB1DDA1F4C006F9D96 /* Assets.xcassets in Resources */,
				99E1DFE91DDA1F4C006F9D96 /* Main.storyboard in Resources */,
			);
			runOnlyForDeploymentPostprocessing = 0;
		};
/* End PBXResourcesBuildPhase section */

/* Begin PBXShellScriptBuildPhase section */
		349470B03A6A7FDAFB705949 /* [CP] Check Pods Manifest.lock */ = {
			isa = PBXShellScriptBuildPhase;
			buildActionMask = 2147483647;
			files = (
			);
			inputPaths = (
				"${PODS_PODFILE_DIR_PATH}/Podfile.lock",
				"${PODS_ROOT}/Manifest.lock",
			);
			name = "[CP] Check Pods Manifest.lock";
			outputPaths = (
				"$(DERIVED_FILE_DIR)/Pods-Marvel-checkManifestLockResult.txt",
			);
			runOnlyForDeploymentPostprocessing = 0;
			shellPath = /bin/sh;
			shellScript = "diff \"${PODS_PODFILE_DIR_PATH}/Podfile.lock\" \"${PODS_ROOT}/Manifest.lock\" > /dev/null\nif [ $? != 0 ] ; then\n    # print error to STDERR\n    echo \"error: The sandbox is not in sync with the Podfile.lock. Run 'pod install' or update your CocoaPods installation.\" >&2\n    exit 1\nfi\n# This output is used by Xcode 'outputs' to avoid re-running this script phase.\necho \"SUCCESS\" > \"${SCRIPT_OUTPUT_FILE_0}\"\n";
			showEnvVarsInLog = 0;
		};
		572BC285D19F6AE624CEB662 /* [CP] Copy Pods Resources */ = {
			isa = PBXShellScriptBuildPhase;
			buildActionMask = 2147483647;
			files = (
			);
			inputPaths = (
			);
			name = "[CP] Copy Pods Resources";
			outputPaths = (
			);
			runOnlyForDeploymentPostprocessing = 0;
			shellPath = /bin/sh;
			shellScript = "\"${SRCROOT}/Pods/Target Support Files/Pods-Marvel/Pods-Marvel-resources.sh\"\n";
			showEnvVarsInLog = 0;
		};
		65B66DF972813F1C9E6FAB9F /* [CP] Embed Pods Frameworks */ = {
			isa = PBXShellScriptBuildPhase;
			buildActionMask = 2147483647;
			files = (
			);
			inputPaths = (
				"${SRCROOT}/Pods/Target Support Files/Pods-Marvel/Pods-Marvel-frameworks.sh",
				"${BUILT_PRODUCTS_DIR}/CryptoSwift/CryptoSwift.framework",
				"${BUILT_PRODUCTS_DIR}/Keys/Keys.framework",
				"${BUILT_PRODUCTS_DIR}/Kingfisher/Kingfisher.framework",
				"${BUILT_PRODUCTS_DIR}/Reusable/Reusable.framework",
			);
			name = "[CP] Embed Pods Frameworks";
			outputPaths = (
				"${TARGET_BUILD_DIR}/${FRAMEWORKS_FOLDER_PATH}/CryptoSwift.framework",
				"${TARGET_BUILD_DIR}/${FRAMEWORKS_FOLDER_PATH}/Keys.framework",
				"${TARGET_BUILD_DIR}/${FRAMEWORKS_FOLDER_PATH}/Kingfisher.framework",
				"${TARGET_BUILD_DIR}/${FRAMEWORKS_FOLDER_PATH}/Reusable.framework",
			);
			runOnlyForDeploymentPostprocessing = 0;
			shellPath = /bin/sh;
			shellScript = "\"${SRCROOT}/Pods/Target Support Files/Pods-Marvel/Pods-Marvel-frameworks.sh\"\n";
			showEnvVarsInLog = 0;
		};
		76E19865ED48CB7B64A819AD /* [CP] Embed Pods Frameworks */ = {
			isa = PBXShellScriptBuildPhase;
			buildActionMask = 2147483647;
			files = (
			);
			inputPaths = (
				"${SRCROOT}/Pods/Target Support Files/Pods-MarvelTests/Pods-MarvelTests-frameworks.sh",
				"${BUILT_PRODUCTS_DIR}/FBSnapshotTestCase/FBSnapshotTestCase.framework",
				"${BUILT_PRODUCTS_DIR}/Nimble/Nimble.framework",
				"${BUILT_PRODUCTS_DIR}/Nimble-Snapshots/Nimble_Snapshots.framework",
				"${BUILT_PRODUCTS_DIR}/Quick/Quick.framework",
			);
			name = "[CP] Embed Pods Frameworks";
			outputPaths = (
				"${TARGET_BUILD_DIR}/${FRAMEWORKS_FOLDER_PATH}/FBSnapshotTestCase.framework",
				"${TARGET_BUILD_DIR}/${FRAMEWORKS_FOLDER_PATH}/Nimble.framework",
				"${TARGET_BUILD_DIR}/${FRAMEWORKS_FOLDER_PATH}/Nimble_Snapshots.framework",
				"${TARGET_BUILD_DIR}/${FRAMEWORKS_FOLDER_PATH}/Quick.framework",
			);
			runOnlyForDeploymentPostprocessing = 0;
			shellPath = /bin/sh;
			shellScript = "\"${SRCROOT}/Pods/Target Support Files/Pods-MarvelTests/Pods-MarvelTests-frameworks.sh\"\n";
			showEnvVarsInLog = 0;
		};
		885B50F75E3CE3D51E59F1EC /* [CP] Copy Pods Resources */ = {
			isa = PBXShellScriptBuildPhase;
			buildActionMask = 2147483647;
			files = (
			);
			inputPaths = (
			);
			name = "[CP] Copy Pods Resources";
			outputPaths = (
			);
			runOnlyForDeploymentPostprocessing = 0;
			shellPath = /bin/sh;
			shellScript = "\"${SRCROOT}/Pods/Target Support Files/Pods-MarvelTests/Pods-MarvelTests-resources.sh\"\n";
			showEnvVarsInLog = 0;
		};
		99D0DEBC1DE26D0F00FE34D7 /* SwiftGen */ = {
			isa = PBXShellScriptBuildPhase;
			buildActionMask = 2147483647;
			files = (
			);
			inputPaths = (
			);
			name = SwiftGen;
			outputPaths = (
			);
			runOnlyForDeploymentPostprocessing = 0;
			shellPath = /bin/sh;
			shellScript = "$PODS_ROOT/SwiftGen/bin/swiftgen storyboards -t swift3 $SOURCE_ROOT --output $SOURCE_ROOT/Marvel/Resources/Storyboard.swift --sceneEnumName Storyboard";
		};
		BBA78CF1DA502B4F07DA343F /* [CP] Check Pods Manifest.lock */ = {
			isa = PBXShellScriptBuildPhase;
			buildActionMask = 2147483647;
			files = (
			);
			inputPaths = (
				"${PODS_PODFILE_DIR_PATH}/Podfile.lock",
				"${PODS_ROOT}/Manifest.lock",
			);
			name = "[CP] Check Pods Manifest.lock";
			outputPaths = (
				"$(DERIVED_FILE_DIR)/Pods-MarvelTests-checkManifestLockResult.txt",
			);
			runOnlyForDeploymentPostprocessing = 0;
			shellPath = /bin/sh;
			shellScript = "diff \"${PODS_PODFILE_DIR_PATH}/Podfile.lock\" \"${PODS_ROOT}/Manifest.lock\" > /dev/null\nif [ $? != 0 ] ; then\n    # print error to STDERR\n    echo \"error: The sandbox is not in sync with the Podfile.lock. Run 'pod install' or update your CocoaPods installation.\" >&2\n    exit 1\nfi\n# This output is used by Xcode 'outputs' to avoid re-running this script phase.\necho \"SUCCESS\" > \"${SCRIPT_OUTPUT_FILE_0}\"\n";
			showEnvVarsInLog = 0;
		};
/* End PBXShellScriptBuildPhase section */

/* Begin PBXSourcesBuildPhase section */
		99629212203C58A50048C2CB /* Sources */ = {
			isa = PBXSourcesBuildPhase;
			buildActionMask = 2147483647;
			files = (
				99629219203C58A50048C2CB /* CharactersViewControllerSpec.swift in Sources */,
			);
			runOnlyForDeploymentPostprocessing = 0;
		};
		99E1DFDC1DDA1F4C006F9D96 /* Sources */ = {
			isa = PBXSourcesBuildPhase;
			buildActionMask = 2147483647;
			files = (
				99D0DEBE1DE26D8100FE34D7 /* Storyboard.swift in Sources */,
				0A26692A1F8D9CF700BFA892 /* CharacterTableViewDatasource.swift in Sources */,
				9922F15A1DFDC00900237BFE /* ApperanceProxyHelper.swift in Sources */,
				99D0DEBA1DE268D000FE34D7 /* UIImageView+Kingfisher.swift in Sources */,
				99D0DEB41DE259F100FE34D7 /* CharacterCollectionCell.swift in Sources */,
				99B248E31DDB427000027C10 /* CharacterTableCell.swift in Sources */,
				9939CFC71DDA244A008CE399 /* CharactersViewController.swift in Sources */,
				0AA652681F8D969000630AA4 /* CharactersResponse.swift in Sources */,
				9939CFD41DDA333D008CE399 /* Character.swift in Sources */,
				9922F1571DFDB69200237BFE /* ColorPalette.swift in Sources */,
				99E1DFE41DDA1F4C006F9D96 /* AppDelegate.swift in Sources */,
				0A26692C1F8D9F3E00BFA892 /* CharacterCollectionViewDataSource.swift in Sources */,
				0A26692E1F8DA02A00BFA892 /* CharacterCollectionViewDelegate.swift in Sources */,
				9939CFCF1DDA2E07008CE399 /* MarvelAPI.swift in Sources */,
				99FC2BCF1DDDB966006CB7EE /* ThumbImage.swift in Sources */,
			);
			runOnlyForDeploymentPostprocessing = 0;
		};
/* End PBXSourcesBuildPhase section */

/* Begin PBXTargetDependency section */
		9962921C203C58A50048C2CB /* PBXTargetDependency */ = {
			isa = PBXTargetDependency;
			target = 99E1DFDF1DDA1F4C006F9D96 /* Marvel */;
			targetProxy = 9962921B203C58A50048C2CB /* PBXContainerItemProxy */;
		};
/* End PBXTargetDependency section */

/* Begin PBXVariantGroup section */
		99E1DFE71DDA1F4C006F9D96 /* Main.storyboard */ = {
			isa = PBXVariantGroup;
			children = (
				99E1DFE81DDA1F4C006F9D96 /* Base */,
			);
			name = Main.storyboard;
			path = .;
			sourceTree = "<group>";
		};
		99E1DFEC1DDA1F4C006F9D96 /* LaunchScreen.storyboard */ = {
			isa = PBXVariantGroup;
			children = (
				99E1DFED1DDA1F4C006F9D96 /* Base */,
			);
			name = LaunchScreen.storyboard;
			path = .;
			sourceTree = "<group>";
		};
/* End PBXVariantGroup section */

/* Begin XCBuildConfiguration section */
		9962921D203C58A50048C2CB /* Debug */ = {
			isa = XCBuildConfiguration;
			baseConfigurationReference = BF2D032F8BA77A47BCBA607A /* Pods-MarvelTests.debug.xcconfig */;
			buildSettings = {
				BUNDLE_LOADER = "$(TEST_HOST)";
				CLANG_ANALYZER_NUMBER_OBJECT_CONVERSION = YES_AGGRESSIVE;
				CLANG_CXX_LANGUAGE_STANDARD = "gnu++14";
				CLANG_WARN_BLOCK_CAPTURE_AUTORELEASING = YES;
				CLANG_WARN_COMMA = YES;
				CLANG_WARN_NON_LITERAL_NULL_CONVERSION = YES;
				CLANG_WARN_OBJC_LITERAL_CONVERSION = YES;
				CLANG_WARN_RANGE_LOOP_ANALYSIS = YES;
				CLANG_WARN_STRICT_PROTOTYPES = YES;
				CLANG_WARN_SUSPICIOUS_MOVE = YES;
				CLANG_WARN_UNGUARDED_AVAILABILITY = YES_AGGRESSIVE;
				CODE_SIGN_IDENTITY = "iPhone Developer";
				CODE_SIGN_STYLE = Automatic;
				GCC_C_LANGUAGE_STANDARD = gnu11;
				INFOPLIST_FILE = MarvelTests/Info.plist;
				IPHONEOS_DEPLOYMENT_TARGET = 11.2;
				LD_RUNPATH_SEARCH_PATHS = "$(inherited) @executable_path/Frameworks @loader_path/Frameworks";
				PRODUCT_BUNDLE_IDENTIFIER = tplioy.MarvelTests;
				PRODUCT_NAME = "$(TARGET_NAME)";
				SWIFT_VERSION = 4.0;
				TARGETED_DEVICE_FAMILY = "1,2";
				TEST_HOST = "$(BUILT_PRODUCTS_DIR)/Marvel.app/Marvel";
			};
			name = Debug;
		};
		9962921E203C58A50048C2CB /* Release */ = {
			isa = XCBuildConfiguration;
			baseConfigurationReference = E54675F9B824A595E2F0D533 /* Pods-MarvelTests.release.xcconfig */;
			buildSettings = {
				BUNDLE_LOADER = "$(TEST_HOST)";
				CLANG_ANALYZER_NUMBER_OBJECT_CONVERSION = YES_AGGRESSIVE;
				CLANG_CXX_LANGUAGE_STANDARD = "gnu++14";
				CLANG_WARN_BLOCK_CAPTURE_AUTORELEASING = YES;
				CLANG_WARN_COMMA = YES;
				CLANG_WARN_NON_LITERAL_NULL_CONVERSION = YES;
				CLANG_WARN_OBJC_LITERAL_CONVERSION = YES;
				CLANG_WARN_RANGE_LOOP_ANALYSIS = YES;
				CLANG_WARN_STRICT_PROTOTYPES = YES;
				CLANG_WARN_SUSPICIOUS_MOVE = YES;
				CLANG_WARN_UNGUARDED_AVAILABILITY = YES_AGGRESSIVE;
				CODE_SIGN_IDENTITY = "iPhone Developer";
				CODE_SIGN_STYLE = Automatic;
				GCC_C_LANGUAGE_STANDARD = gnu11;
				INFOPLIST_FILE = MarvelTests/Info.plist;
				IPHONEOS_DEPLOYMENT_TARGET = 11.2;
				LD_RUNPATH_SEARCH_PATHS = "$(inherited) @executable_path/Frameworks @loader_path/Frameworks";
				PRODUCT_BUNDLE_IDENTIFIER = tplioy.MarvelTests;
				PRODUCT_NAME = "$(TARGET_NAME)";
				SWIFT_VERSION = 4.0;
				TARGETED_DEVICE_FAMILY = "1,2";
				TEST_HOST = "$(BUILT_PRODUCTS_DIR)/Marvel.app/Marvel";
			};
			name = Release;
		};
		99E1DFF01DDA1F4C006F9D96 /* Debug */ = {
			isa = XCBuildConfiguration;
			buildSettings = {
				ALWAYS_SEARCH_USER_PATHS = NO;
				CLANG_ANALYZER_NONNULL = YES;
				CLANG_CXX_LANGUAGE_STANDARD = "gnu++0x";
				CLANG_CXX_LIBRARY = "libc++";
				CLANG_ENABLE_MODULES = YES;
				CLANG_ENABLE_OBJC_ARC = YES;
				CLANG_WARN_BOOL_CONVERSION = YES;
				CLANG_WARN_CONSTANT_CONVERSION = YES;
				CLANG_WARN_DIRECT_OBJC_ISA_USAGE = YES_ERROR;
				CLANG_WARN_DOCUMENTATION_COMMENTS = YES;
				CLANG_WARN_EMPTY_BODY = YES;
				CLANG_WARN_ENUM_CONVERSION = YES;
				CLANG_WARN_INFINITE_RECURSION = YES;
				CLANG_WARN_INT_CONVERSION = YES;
				CLANG_WARN_OBJC_ROOT_CLASS = YES_ERROR;
				CLANG_WARN_SUSPICIOUS_MOVES = YES;
				CLANG_WARN_UNREACHABLE_CODE = YES;
				CLANG_WARN__DUPLICATE_METHOD_MATCH = YES;
				"CODE_SIGN_IDENTITY[sdk=iphoneos*]" = "iPhone Developer";
				COPY_PHASE_STRIP = NO;
				DEBUG_INFORMATION_FORMAT = dwarf;
				ENABLE_STRICT_OBJC_MSGSEND = YES;
				ENABLE_TESTABILITY = YES;
				GCC_C_LANGUAGE_STANDARD = gnu99;
				GCC_DYNAMIC_NO_PIC = NO;
				GCC_NO_COMMON_BLOCKS = YES;
				GCC_OPTIMIZATION_LEVEL = 0;
				GCC_PREPROCESSOR_DEFINITIONS = (
					"DEBUG=1",
					"$(inherited)",
				);
				GCC_WARN_64_TO_32_BIT_CONVERSION = YES;
				GCC_WARN_ABOUT_RETURN_TYPE = YES_ERROR;
				GCC_WARN_UNDECLARED_SELECTOR = YES;
				GCC_WARN_UNINITIALIZED_AUTOS = YES_AGGRESSIVE;
				GCC_WARN_UNUSED_FUNCTION = YES;
				GCC_WARN_UNUSED_VARIABLE = YES;
				IPHONEOS_DEPLOYMENT_TARGET = 10.0;
				MTL_ENABLE_DEBUG_INFO = YES;
				ONLY_ACTIVE_ARCH = YES;
				SDKROOT = iphoneos;
				SWIFT_ACTIVE_COMPILATION_CONDITIONS = DEBUG;
				SWIFT_OPTIMIZATION_LEVEL = "-Onone";
				TARGETED_DEVICE_FAMILY = "1,2";
			};
			name = Debug;
		};
		99E1DFF11DDA1F4C006F9D96 /* Release */ = {
			isa = XCBuildConfiguration;
			buildSettings = {
				ALWAYS_SEARCH_USER_PATHS = NO;
				CLANG_ANALYZER_NONNULL = YES;
				CLANG_CXX_LANGUAGE_STANDARD = "gnu++0x";
				CLANG_CXX_LIBRARY = "libc++";
				CLANG_ENABLE_MODULES = YES;
				CLANG_ENABLE_OBJC_ARC = YES;
				CLANG_WARN_BOOL_CONVERSION = YES;
				CLANG_WARN_CONSTANT_CONVERSION = YES;
				CLANG_WARN_DIRECT_OBJC_ISA_USAGE = YES_ERROR;
				CLANG_WARN_DOCUMENTATION_COMMENTS = YES;
				CLANG_WARN_EMPTY_BODY = YES;
				CLANG_WARN_ENUM_CONVERSION = YES;
				CLANG_WARN_INFINITE_RECURSION = YES;
				CLANG_WARN_INT_CONVERSION = YES;
				CLANG_WARN_OBJC_ROOT_CLASS = YES_ERROR;
				CLANG_WARN_SUSPICIOUS_MOVES = YES;
				CLANG_WARN_UNREACHABLE_CODE = YES;
				CLANG_WARN__DUPLICATE_METHOD_MATCH = YES;
				"CODE_SIGN_IDENTITY[sdk=iphoneos*]" = "iPhone Developer";
				COPY_PHASE_STRIP = NO;
				DEBUG_INFORMATION_FORMAT = "dwarf-with-dsym";
				ENABLE_NS_ASSERTIONS = NO;
				ENABLE_STRICT_OBJC_MSGSEND = YES;
				GCC_C_LANGUAGE_STANDARD = gnu99;
				GCC_NO_COMMON_BLOCKS = YES;
				GCC_WARN_64_TO_32_BIT_CONVERSION = YES;
				GCC_WARN_ABOUT_RETURN_TYPE = YES_ERROR;
				GCC_WARN_UNDECLARED_SELECTOR = YES;
				GCC_WARN_UNINITIALIZED_AUTOS = YES_AGGRESSIVE;
				GCC_WARN_UNUSED_FUNCTION = YES;
				GCC_WARN_UNUSED_VARIABLE = YES;
				IPHONEOS_DEPLOYMENT_TARGET = 10.0;
				MTL_ENABLE_DEBUG_INFO = NO;
				SDKROOT = iphoneos;
				SWIFT_OPTIMIZATION_LEVEL = "-Owholemodule";
				TARGETED_DEVICE_FAMILY = "1,2";
				VALIDATE_PRODUCT = YES;
			};
			name = Release;
		};
		99E1DFF31DDA1F4C006F9D96 /* Debug */ = {
			isa = XCBuildConfiguration;
			baseConfigurationReference = 46E32511C8C4E886533F9B7E /* Pods-Marvel.debug.xcconfig */;
			buildSettings = {
				ASSETCATALOG_COMPILER_APPICON_NAME = AppIcon;
				DEVELOPMENT_TEAM = 6UM2WYVE6K;
				INFOPLIST_FILE = Marvel/Resources/Info.plist;
				LD_RUNPATH_SEARCH_PATHS = "$(inherited) @executable_path/Frameworks";
				PRODUCT_BUNDLE_IDENTIFIER = com.tpioy.marvelapp.Marvel;
				PRODUCT_NAME = "$(TARGET_NAME)";
				SWIFT_SWIFT3_OBJC_INFERENCE = On;
				SWIFT_VERSION = 4.0;
				TARGETED_DEVICE_FAMILY = 1;
			};
			name = Debug;
		};
		99E1DFF41DDA1F4C006F9D96 /* Release */ = {
			isa = XCBuildConfiguration;
			baseConfigurationReference = 8289D5AF9F3BDEDBC4EE6E82 /* Pods-Marvel.release.xcconfig */;
			buildSettings = {
				ASSETCATALOG_COMPILER_APPICON_NAME = AppIcon;
				DEVELOPMENT_TEAM = 6UM2WYVE6K;
				INFOPLIST_FILE = Marvel/Resources/Info.plist;
				LD_RUNPATH_SEARCH_PATHS = "$(inherited) @executable_path/Frameworks";
				PRODUCT_BUNDLE_IDENTIFIER = com.tpioy.marvelapp.Marvel;
				PRODUCT_NAME = "$(TARGET_NAME)";
				SWIFT_SWIFT3_OBJC_INFERENCE = On;
				SWIFT_VERSION = 4.0;
				TARGETED_DEVICE_FAMILY = 1;
			};
			name = Release;
		};
/* End XCBuildConfiguration section */

/* Begin XCConfigurationList section */
		9962921F203C58A50048C2CB /* Build configuration list for PBXNativeTarget "MarvelTests" */ = {
			isa = XCConfigurationList;
			buildConfigurations = (
				9962921D203C58A50048C2CB /* Debug */,
				9962921E203C58A50048C2CB /* Release */,
			);
			defaultConfigurationIsVisible = 0;
			defaultConfigurationName = Release;
		};
		99E1DFDB1DDA1F4C006F9D96 /* Build configuration list for PBXProject "Marvel" */ = {
			isa = XCConfigurationList;
			buildConfigurations = (
				99E1DFF01DDA1F4C006F9D96 /* Debug */,
				99E1DFF11DDA1F4C006F9D96 /* Release */,
			);
			defaultConfigurationIsVisible = 0;
			defaultConfigurationName = Release;
		};
		99E1DFF21DDA1F4C006F9D96 /* Build configuration list for PBXNativeTarget "Marvel" */ = {
			isa = XCConfigurationList;
			buildConfigurations = (
				99E1DFF31DDA1F4C006F9D96 /* Debug */,
				99E1DFF41DDA1F4C006F9D96 /* Release */,
			);
			defaultConfigurationIsVisible = 0;
			defaultConfigurationName = Release;
		};
/* End XCConfigurationList section */
	};
	rootObject = 99E1DFD81DDA1F4C006F9D96 /* Project object */;
}
